// !$*UTF8*$!
{
	archiveVersion = 1;
	classes = {
	};
	objectVersion = 77;
	objects = {

/* Begin PBXBuildFile section */
		CEC5E18A2CCC8DEF00B3E9D9 /* SwiftSoup in Frameworks */ = {isa = PBXBuildFile; productRef = CEC5E1892CCC8DEF00B3E9D9 /* SwiftSoup */; };
/* End PBXBuildFile section */

/* Begin PBXContainerItemProxy section */
		CEF48C482CCC7A7500B0140A /* PBXContainerItemProxy */ = {
			isa = PBXContainerItemProxy;
			containerPortal = CEF48C2F2CCC7A7400B0140A /* Project object */;
			proxyType = 1;
			remoteGlobalIDString = CEF48C362CCC7A7400B0140A;
			remoteInfo = mbl;
		};
		CEF48C522CCC7A7500B0140A /* PBXContainerItemProxy */ = {
			isa = PBXContainerItemProxy;
			containerPortal = CEF48C2F2CCC7A7400B0140A /* Project object */;
			proxyType = 1;
			remoteGlobalIDString = CEF48C362CCC7A7400B0140A;
			remoteInfo = mbl;
		};
/* End PBXContainerItemProxy section */

/* Begin PBXFileReference section */
		CEF48C372CCC7A7400B0140A /* mbl.app */ = {isa = PBXFileReference; explicitFileType = wrapper.application; includeInIndex = 0; path = mbl.app; sourceTree = BUILT_PRODUCTS_DIR; };
		CEF48C472CCC7A7500B0140A /* mblTests.xctest */ = {isa = PBXFileReference; explicitFileType = wrapper.cfbundle; includeInIndex = 0; path = mblTests.xctest; sourceTree = BUILT_PRODUCTS_DIR; };
		CEF48C512CCC7A7500B0140A /* mblUITests.xctest */ = {isa = PBXFileReference; explicitFileType = wrapper.cfbundle; includeInIndex = 0; path = mblUITests.xctest; sourceTree = BUILT_PRODUCTS_DIR; };
/* End PBXFileReference section */

/* Begin PBXFileSystemSynchronizedRootGroup section */
		CEF48C392CCC7A7400B0140A /* mbl */ = {
			isa = PBXFileSystemSynchronizedRootGroup;
			path = mbl;
			sourceTree = "<group>";
		};
		CEF48C4A2CCC7A7500B0140A /* mblTests */ = {
			isa = PBXFileSystemSynchronizedRootGroup;
			path = mblTests;
			sourceTree = "<group>";
		};
		CEF48C542CCC7A7500B0140A /* mblUITests */ = {
			isa = PBXFileSystemSynchronizedRootGroup;
			path = mblUITests;
			sourceTree = "<group>";
		};
/* End PBXFileSystemSynchronizedRootGroup section */

/* Begin PBXFrameworksBuildPhase section */
		CEF48C342CCC7A7400B0140A /* Frameworks */ = {
			isa = PBXFrameworksBuildPhase;
			buildActionMask = 2147483647;
			files = (
				CEC5E18A2CCC8DEF00B3E9D9 /* SwiftSoup in Frameworks */,
			);
			runOnlyForDeploymentPostprocessing = 0;
		};
		CEF48C442CCC7A7500B0140A /* Frameworks */ = {
			isa = PBXFrameworksBuildPhase;
			buildActionMask = 2147483647;
			files = (
			);
			runOnlyForDeploymentPostprocessing = 0;
		};
		CEF48C4E2CCC7A7500B0140A /* Frameworks */ = {
			isa = PBXFrameworksBuildPhase;
			buildActionMask = 2147483647;
			files = (
			);
			runOnlyForDeploymentPostprocessing = 0;
		};
/* End PBXFrameworksBuildPhase section */

/* Begin PBXGroup section */
		CEF48C2E2CCC7A7400B0140A = {
			isa = PBXGroup;
			children = (
				CEF48C392CCC7A7400B0140A /* mbl */,
				CEF48C4A2CCC7A7500B0140A /* mblTests */,
				CEF48C542CCC7A7500B0140A /* mblUITests */,
				CEF48C382CCC7A7400B0140A /* Products */,
			);
			sourceTree = "<group>";
		};
		CEF48C382CCC7A7400B0140A /* Products */ = {
			isa = PBXGroup;
			children = (
				CEF48C372CCC7A7400B0140A /* mbl.app */,
				CEF48C472CCC7A7500B0140A /* mblTests.xctest */,
				CEF48C512CCC7A7500B0140A /* mblUITests.xctest */,
			);
			name = Products;
			sourceTree = "<group>";
		};
/* End PBXGroup section */

/* Begin PBXNativeTarget section */
		CEF48C362CCC7A7400B0140A /* mbl */ = {
			isa = PBXNativeTarget;
			buildConfigurationList = CEF48C5B2CCC7A7500B0140A /* Build configuration list for PBXNativeTarget "mbl" */;
			buildPhases = (
				CEF48C332CCC7A7400B0140A /* Sources */,
				CEF48C342CCC7A7400B0140A /* Frameworks */,
				CEF48C352CCC7A7400B0140A /* Resources */,
			);
			buildRules = (
			);
			dependencies = (
			);
			fileSystemSynchronizedGroups = (
				CEF48C392CCC7A7400B0140A /* mbl */,
			);
			name = mbl;
			packageProductDependencies = (
				CEC5E1892CCC8DEF00B3E9D9 /* SwiftSoup */,
			);
			productName = mbl;
			productReference = CEF48C372CCC7A7400B0140A /* mbl.app */;
			productType = "com.apple.product-type.application";
		};
		CEF48C462CCC7A7500B0140A /* mblTests */ = {
			isa = PBXNativeTarget;
			buildConfigurationList = CEF48C5E2CCC7A7500B0140A /* Build configuration list for PBXNativeTarget "mblTests" */;
			buildPhases = (
				CEF48C432CCC7A7500B0140A /* Sources */,
				CEF48C442CCC7A7500B0140A /* Frameworks */,
				CEF48C452CCC7A7500B0140A /* Resources */,
			);
			buildRules = (
			);
			dependencies = (
				CEF48C492CCC7A7500B0140A /* PBXTargetDependency */,
			);
			fileSystemSynchronizedGroups = (
				CEF48C4A2CCC7A7500B0140A /* mblTests */,
			);
			name = mblTests;
			packageProductDependencies = (
			);
			productName = mblTests;
			productReference = CEF48C472CCC7A7500B0140A /* mblTests.xctest */;
			productType = "com.apple.product-type.bundle.unit-test";
		};
		CEF48C502CCC7A7500B0140A /* mblUITests */ = {
			isa = PBXNativeTarget;
			buildConfigurationList = CEF48C612CCC7A7500B0140A /* Build configuration list for PBXNativeTarget "mblUITests" */;
			buildPhases = (
				CEF48C4D2CCC7A7500B0140A /* Sources */,
				CEF48C4E2CCC7A7500B0140A /* Frameworks */,
				CEF48C4F2CCC7A7500B0140A /* Resources */,
			);
			buildRules = (
			);
			dependencies = (
				CEF48C532CCC7A7500B0140A /* PBXTargetDependency */,
			);
			fileSystemSynchronizedGroups = (
				CEF48C542CCC7A7500B0140A /* mblUITests */,
			);
			name = mblUITests;
			packageProductDependencies = (
			);
			productName = mblUITests;
			productReference = CEF48C512CCC7A7500B0140A /* mblUITests.xctest */;
			productType = "com.apple.product-type.bundle.ui-testing";
		};
/* End PBXNativeTarget section */

/* Begin PBXProject section */
		CEF48C2F2CCC7A7400B0140A /* Project object */ = {
			isa = PBXProject;
			attributes = {
				BuildIndependentTargetsInParallel = 1;
				LastSwiftUpdateCheck = 1600;
				LastUpgradeCheck = 1600;
				TargetAttributes = {
					CEF48C362CCC7A7400B0140A = {
						CreatedOnToolsVersion = 16.0;
					};
					CEF48C462CCC7A7500B0140A = {
						CreatedOnToolsVersion = 16.0;
						TestTargetID = CEF48C362CCC7A7400B0140A;
					};
					CEF48C502CCC7A7500B0140A = {
						CreatedOnToolsVersion = 16.0;
						TestTargetID = CEF48C362CCC7A7400B0140A;
					};
				};
			};
			buildConfigurationList = CEF48C322CCC7A7400B0140A /* Build configuration list for PBXProject "mbl" */;
			developmentRegion = en;
			hasScannedForEncodings = 0;
			knownRegions = (
				en,
				Base,
			);
			mainGroup = CEF48C2E2CCC7A7400B0140A;
			minimizedProjectReferenceProxies = 1;
			packageReferences = (
				CEF48C712CCC891900B0140A /* XCRemoteSwiftPackageReference "SwiftSoup" */,
			);
			preferredProjectObjectVersion = 77;
			productRefGroup = CEF48C382CCC7A7400B0140A /* Products */;
			projectDirPath = "";
			projectRoot = "";
			targets = (
				CEF48C362CCC7A7400B0140A /* mbl */,
				CEF48C462CCC7A7500B0140A /* mblTests */,
				CEF48C502CCC7A7500B0140A /* mblUITests */,
			);
		};
/* End PBXProject section */

/* Begin PBXResourcesBuildPhase section */
		CEF48C352CCC7A7400B0140A /* Resources */ = {
			isa = PBXResourcesBuildPhase;
			buildActionMask = 2147483647;
			files = (
			);
			runOnlyForDeploymentPostprocessing = 0;
		};
		CEF48C452CCC7A7500B0140A /* Resources */ = {
			isa = PBXResourcesBuildPhase;
			buildActionMask = 2147483647;
			files = (
			);
			runOnlyForDeploymentPostprocessing = 0;
		};
		CEF48C4F2CCC7A7500B0140A /* Resources */ = {
			isa = PBXResourcesBuildPhase;
			buildActionMask = 2147483647;
			files = (
			);
			runOnlyForDeploymentPostprocessing = 0;
		};
/* End PBXResourcesBuildPhase section */

/* Begin PBXSourcesBuildPhase section */
		CEF48C332CCC7A7400B0140A /* Sources */ = {
			isa = PBXSourcesBuildPhase;
			buildActionMask = 2147483647;
			files = (
			);
			runOnlyForDeploymentPostprocessing = 0;
		};
		CEF48C432CCC7A7500B0140A /* Sources */ = {
			isa = PBXSourcesBuildPhase;
			buildActionMask = 2147483647;
			files = (
			);
			runOnlyForDeploymentPostprocessing = 0;
		};
		CEF48C4D2CCC7A7500B0140A /* Sources */ = {
			isa = PBXSourcesBuildPhase;
			buildActionMask = 2147483647;
			files = (
			);
			runOnlyForDeploymentPostprocessing = 0;
		};
/* End PBXSourcesBuildPhase section */

/* Begin PBXTargetDependency section */
		CEF48C492CCC7A7500B0140A /* PBXTargetDependency */ = {
			isa = PBXTargetDependency;
			target = CEF48C362CCC7A7400B0140A /* mbl */;
			targetProxy = CEF48C482CCC7A7500B0140A /* PBXContainerItemProxy */;
		};
		CEF48C532CCC7A7500B0140A /* PBXTargetDependency */ = {
			isa = PBXTargetDependency;
			target = CEF48C362CCC7A7400B0140A /* mbl */;
			targetProxy = CEF48C522CCC7A7500B0140A /* PBXContainerItemProxy */;
		};
/* End PBXTargetDependency section */

/* Begin XCBuildConfiguration section */
		CEF48C592CCC7A7500B0140A /* Debug */ = {
			isa = XCBuildConfiguration;
			buildSettings = {
				ALWAYS_SEARCH_USER_PATHS = NO;
				ASSETCATALOG_COMPILER_GENERATE_SWIFT_ASSET_SYMBOL_EXTENSIONS = YES;
				CLANG_ANALYZER_NONNULL = YES;
				CLANG_ANALYZER_NUMBER_OBJECT_CONVERSION = YES_AGGRESSIVE;
				CLANG_CXX_LANGUAGE_STANDARD = "gnu++20";
				CLANG_ENABLE_MODULES = YES;
				CLANG_ENABLE_OBJC_ARC = YES;
				CLANG_ENABLE_OBJC_WEAK = YES;
				CLANG_WARN_BLOCK_CAPTURE_AUTORELEASING = YES;
				CLANG_WARN_BOOL_CONVERSION = YES;
				CLANG_WARN_COMMA = YES;
				CLANG_WARN_CONSTANT_CONVERSION = YES;
				CLANG_WARN_DEPRECATED_OBJC_IMPLEMENTATIONS = YES;
				CLANG_WARN_DIRECT_OBJC_ISA_USAGE = YES_ERROR;
				CLANG_WARN_DOCUMENTATION_COMMENTS = YES;
				CLANG_WARN_EMPTY_BODY = YES;
				CLANG_WARN_ENUM_CONVERSION = YES;
				CLANG_WARN_INFINITE_RECURSION = YES;
				CLANG_WARN_INT_CONVERSION = YES;
				CLANG_WARN_NON_LITERAL_NULL_CONVERSION = YES;
				CLANG_WARN_OBJC_IMPLICIT_RETAIN_SELF = YES;
				CLANG_WARN_OBJC_LITERAL_CONVERSION = YES;
				CLANG_WARN_OBJC_ROOT_CLASS = YES_ERROR;
				CLANG_WARN_QUOTED_INCLUDE_IN_FRAMEWORK_HEADER = YES;
				CLANG_WARN_RANGE_LOOP_ANALYSIS = YES;
				CLANG_WARN_STRICT_PROTOTYPES = YES;
				CLANG_WARN_SUSPICIOUS_MOVE = YES;
				CLANG_WARN_UNGUARDED_AVAILABILITY = YES_AGGRESSIVE;
				CLANG_WARN_UNREACHABLE_CODE = YES;
				CLANG_WARN__DUPLICATE_METHOD_MATCH = YES;
				COPY_PHASE_STRIP = NO;
				DEBUG_INFORMATION_FORMAT = dwarf;
				ENABLE_STRICT_OBJC_MSGSEND = YES;
				ENABLE_TESTABILITY = YES;
				ENABLE_USER_SCRIPT_SANDBOXING = YES;
				GCC_C_LANGUAGE_STANDARD = gnu17;
				GCC_DYNAMIC_NO_PIC = NO;
				GCC_NO_COMMON_BLOCKS = YES;
				GCC_OPTIMIZATION_LEVEL = 0;
				GCC_PREPROCESSOR_DEFINITIONS = (
					"DEBUG=1",
					"$(inherited)",
				);
				GCC_WARN_64_TO_32_BIT_CONVERSION = YES;
				GCC_WARN_ABOUT_RETURN_TYPE = YES_ERROR;
				GCC_WARN_UNDECLARED_SELECTOR = YES;
				GCC_WARN_UNINITIALIZED_AUTOS = YES_AGGRESSIVE;
				GCC_WARN_UNUSED_FUNCTION = YES;
				GCC_WARN_UNUSED_VARIABLE = YES;
				INFOPLIST_KEY_NSLocationAlwaysAndWhenInUseUsageDescription = "위치 정보가 필요합니다";
				INFOPLIST_KEY_NSLocationUsageDescription = "";
				IPHONEOS_DEPLOYMENT_TARGET = 18.0;
				LOCALIZATION_PREFERS_STRING_CATALOGS = YES;
				MTL_ENABLE_DEBUG_INFO = INCLUDE_SOURCE;
				MTL_FAST_MATH = YES;
				ONLY_ACTIVE_ARCH = YES;
				SDKROOT = iphoneos;
				SWIFT_ACTIVE_COMPILATION_CONDITIONS = "DEBUG $(inherited)";
				SWIFT_OPTIMIZATION_LEVEL = "-Onone";
			};
			name = Debug;
		};
		CEF48C5A2CCC7A7500B0140A /* Release */ = {
			isa = XCBuildConfiguration;
			buildSettings = {
				ALWAYS_SEARCH_USER_PATHS = NO;
				ASSETCATALOG_COMPILER_GENERATE_SWIFT_ASSET_SYMBOL_EXTENSIONS = YES;
				CLANG_ANALYZER_NONNULL = YES;
				CLANG_ANALYZER_NUMBER_OBJECT_CONVERSION = YES_AGGRESSIVE;
				CLANG_CXX_LANGUAGE_STANDARD = "gnu++20";
				CLANG_ENABLE_MODULES = YES;
				CLANG_ENABLE_OBJC_ARC = YES;
				CLANG_ENABLE_OBJC_WEAK = YES;
				CLANG_WARN_BLOCK_CAPTURE_AUTORELEASING = YES;
				CLANG_WARN_BOOL_CONVERSION = YES;
				CLANG_WARN_COMMA = YES;
				CLANG_WARN_CONSTANT_CONVERSION = YES;
				CLANG_WARN_DEPRECATED_OBJC_IMPLEMENTATIONS = YES;
				CLANG_WARN_DIRECT_OBJC_ISA_USAGE = YES_ERROR;
				CLANG_WARN_DOCUMENTATION_COMMENTS = YES;
				CLANG_WARN_EMPTY_BODY = YES;
				CLANG_WARN_ENUM_CONVERSION = YES;
				CLANG_WARN_INFINITE_RECURSION = YES;
				CLANG_WARN_INT_CONVERSION = YES;
				CLANG_WARN_NON_LITERAL_NULL_CONVERSION = YES;
				CLANG_WARN_OBJC_IMPLICIT_RETAIN_SELF = YES;
				CLANG_WARN_OBJC_LITERAL_CONVERSION = YES;
				CLANG_WARN_OBJC_ROOT_CLASS = YES_ERROR;
				CLANG_WARN_QUOTED_INCLUDE_IN_FRAMEWORK_HEADER = YES;
				CLANG_WARN_RANGE_LOOP_ANALYSIS = YES;
				CLANG_WARN_STRICT_PROTOTYPES = YES;
				CLANG_WARN_SUSPICIOUS_MOVE = YES;
				CLANG_WARN_UNGUARDED_AVAILABILITY = YES_AGGRESSIVE;
				CLANG_WARN_UNREACHABLE_CODE = YES;
				CLANG_WARN__DUPLICATE_METHOD_MATCH = YES;
				COPY_PHASE_STRIP = NO;
				DEBUG_INFORMATION_FORMAT = "dwarf-with-dsym";
				ENABLE_NS_ASSERTIONS = NO;
				ENABLE_STRICT_OBJC_MSGSEND = YES;
				ENABLE_USER_SCRIPT_SANDBOXING = YES;
				GCC_C_LANGUAGE_STANDARD = gnu17;
				GCC_NO_COMMON_BLOCKS = YES;
				GCC_WARN_64_TO_32_BIT_CONVERSION = YES;
				GCC_WARN_ABOUT_RETURN_TYPE = YES_ERROR;
				GCC_WARN_UNDECLARED_SELECTOR = YES;
				GCC_WARN_UNINITIALIZED_AUTOS = YES_AGGRESSIVE;
				GCC_WARN_UNUSED_FUNCTION = YES;
				GCC_WARN_UNUSED_VARIABLE = YES;
				INFOPLIST_KEY_NSLocationAlwaysAndWhenInUseUsageDescription = "위치 정보가 필요합니다";
				INFOPLIST_KEY_NSLocationUsageDescription = "";
				IPHONEOS_DEPLOYMENT_TARGET = 18.0;
				LOCALIZATION_PREFERS_STRING_CATALOGS = YES;
				MTL_ENABLE_DEBUG_INFO = NO;
				MTL_FAST_MATH = YES;
				SDKROOT = iphoneos;
				SWIFT_COMPILATION_MODE = wholemodule;
				VALIDATE_PRODUCT = YES;
			};
			name = Release;
		};
		CEF48C5C2CCC7A7500B0140A /* Debug */ = {
			isa = XCBuildConfiguration;
			buildSettings = {
				ASSETCATALOG_COMPILER_APPICON_NAME = AppIcon;
				ASSETCATALOG_COMPILER_GLOBAL_ACCENT_COLOR_NAME = AccentColor;
				CODE_SIGN_STYLE = Automatic;
				CURRENT_PROJECT_VERSION = 0;
				DEVELOPMENT_ASSET_PATHS = "\"mbl/Preview Content\"";
				DEVELOPMENT_TEAM = QG5ATR69H9;
				ENABLE_PREVIEWS = YES;
				GENERATE_INFOPLIST_FILE = YES;
				INFOPLIST_KEY_NSLocationWhenInUseUsageDescription = "위치 정보가 필요하다고 요청하는 설명문입니다";
				INFOPLIST_KEY_UIApplicationSceneManifest_Generation = YES;
				INFOPLIST_KEY_UIApplicationSupportsIndirectInputEvents = YES;
				INFOPLIST_KEY_UILaunchScreen_Generation = YES;
				INFOPLIST_KEY_UISupportedInterfaceOrientations_iPad = "UIInterfaceOrientationPortrait UIInterfaceOrientationPortraitUpsideDown UIInterfaceOrientationLandscapeLeft UIInterfaceOrientationLandscapeRight";
				INFOPLIST_KEY_UISupportedInterfaceOrientations_iPhone = "UIInterfaceOrientationPortrait UIInterfaceOrientationLandscapeLeft UIInterfaceOrientationLandscapeRight";
				LD_RUNPATH_SEARCH_PATHS = (
					"$(inherited)",
					"@executable_path/Frameworks",
				);
				MARKETING_VERSION = 0.0;
				PRODUCT_BUNDLE_IDENTIFIER = test2.mbl;
				PRODUCT_NAME = "$(TARGET_NAME)";
				SWIFT_EMIT_LOC_STRINGS = YES;
				SWIFT_VERSION = 5.0;
				TARGETED_DEVICE_FAMILY = "1,2";
			};
			name = Debug;
		};
		CEF48C5D2CCC7A7500B0140A /* Release */ = {
			isa = XCBuildConfiguration;
			buildSettings = {
				ASSETCATALOG_COMPILER_APPICON_NAME = AppIcon;
				ASSETCATALOG_COMPILER_GLOBAL_ACCENT_COLOR_NAME = AccentColor;
				CODE_SIGN_STYLE = Automatic;
				CURRENT_PROJECT_VERSION = 0;
				DEVELOPMENT_ASSET_PATHS = "\"mbl/Preview Content\"";
				DEVELOPMENT_TEAM = QG5ATR69H9;
				ENABLE_PREVIEWS = YES;
				GENERATE_INFOPLIST_FILE = YES;
				INFOPLIST_KEY_NSLocationWhenInUseUsageDescription = "위치 정보가 필요하다고 요청하는 설명문입니다";
				INFOPLIST_KEY_UIApplicationSceneManifest_Generation = YES;
				INFOPLIST_KEY_UIApplicationSupportsIndirectInputEvents = YES;
				INFOPLIST_KEY_UILaunchScreen_Generation = YES;
				INFOPLIST_KEY_UISupportedInterfaceOrientations_iPad = "UIInterfaceOrientationPortrait UIInterfaceOrientationPortraitUpsideDown UIInterfaceOrientationLandscapeLeft UIInterfaceOrientationLandscapeRight";
				INFOPLIST_KEY_UISupportedInterfaceOrientations_iPhone = "UIInterfaceOrientationPortrait UIInterfaceOrientationLandscapeLeft UIInterfaceOrientationLandscapeRight";
				LD_RUNPATH_SEARCH_PATHS = (
					"$(inherited)",
					"@executable_path/Frameworks",
				);
				MARKETING_VERSION = 0.0;
				PRODUCT_BUNDLE_IDENTIFIER = test2.mbl;
				PRODUCT_NAME = "$(TARGET_NAME)";
				SWIFT_EMIT_LOC_STRINGS = YES;
				SWIFT_VERSION = 5.0;
				TARGETED_DEVICE_FAMILY = "1,2";
			};
			name = Release;
		};
		CEF48C5F2CCC7A7500B0140A /* Debug */ = {
			isa = XCBuildConfiguration;
			buildSettings = {
				BUNDLE_LOADER = "$(TEST_HOST)";
				CODE_SIGN_STYLE = Automatic;
				CURRENT_PROJECT_VERSION = 1;
				GENERATE_INFOPLIST_FILE = YES;
				IPHONEOS_DEPLOYMENT_TARGET = 18.0;
				MARKETING_VERSION = 1.0;
				PRODUCT_BUNDLE_IDENTIFIER = test.mblTests;
				PRODUCT_NAME = "$(TARGET_NAME)";
				SWIFT_EMIT_LOC_STRINGS = NO;
				SWIFT_VERSION = 5.0;
				TARGETED_DEVICE_FAMILY = "1,2";
				TEST_HOST = "$(BUILT_PRODUCTS_DIR)/mbl.app/$(BUNDLE_EXECUTABLE_FOLDER_PATH)/mbl";
			};
			name = Debug;
		};
		CEF48C602CCC7A7500B0140A /* Release */ = {
			isa = XCBuildConfiguration;
			buildSettings = {
				BUNDLE_LOADER = "$(TEST_HOST)";
				CODE_SIGN_STYLE = Automatic;
				CURRENT_PROJECT_VERSION = 1;
				GENERATE_INFOPLIST_FILE = YES;
				IPHONEOS_DEPLOYMENT_TARGET = 18.0;
				MARKETING_VERSION = 1.0;
				PRODUCT_BUNDLE_IDENTIFIER = test.mblTests;
				PRODUCT_NAME = "$(TARGET_NAME)";
				SWIFT_EMIT_LOC_STRINGS = NO;
				SWIFT_VERSION = 5.0;
				TARGETED_DEVICE_FAMILY = "1,2";
				TEST_HOST = "$(BUILT_PRODUCTS_DIR)/mbl.app/$(BUNDLE_EXECUTABLE_FOLDER_PATH)/mbl";
			};
			name = Release;
		};
		CEF48C622CCC7A7500B0140A /* Debug */ = {
			isa = XCBuildConfiguration;
			buildSettings = {
				CODE_SIGN_STYLE = Automatic;
				CURRENT_PROJECT_VERSION = 1;
				GENERATE_INFOPLIST_FILE = YES;
				MARKETING_VERSION = 1.0;
				PRODUCT_BUNDLE_IDENTIFIER = test.mblUITests;
				PRODUCT_NAME = "$(TARGET_NAME)";
				SWIFT_EMIT_LOC_STRINGS = NO;
				SWIFT_VERSION = 5.0;
				TARGETED_DEVICE_FAMILY = "1,2";
				TEST_TARGET_NAME = mbl;
			};
			name = Debug;
		};
		CEF48C632CCC7A7500B0140A /* Release */ = {
			isa = XCBuildConfiguration;
			buildSettings = {
				CODE_SIGN_STYLE = Automatic;
				CURRENT_PROJECT_VERSION = 1;
				GENERATE_INFOPLIST_FILE = YES;
				MARKETING_VERSION = 1.0;
				PRODUCT_BUNDLE_IDENTIFIER = test.mblUITests;
				PRODUCT_NAME = "$(TARGET_NAME)";
				SWIFT_EMIT_LOC_STRINGS = NO;
				SWIFT_VERSION = 5.0;
				TARGETED_DEVICE_FAMILY = "1,2";
				TEST_TARGET_NAME = mbl;
			};
			name = Release;
		};
/* End XCBuildConfiguration section */

/* Begin XCConfigurationList section */
		CEF48C322CCC7A7400B0140A /* Build configuration list for PBXProject "mbl" */ = {
			isa = XCConfigurationList;
			buildConfigurations = (
				CEF48C592CCC7A7500B0140A /* Debug */,
				CEF48C5A2CCC7A7500B0140A /* Release */,
			);
			defaultConfigurationIsVisible = 0;
			defaultConfigurationName = Release;
		};
		CEF48C5B2CCC7A7500B0140A /* Build configuration list for PBXNativeTarget "mbl" */ = {
			isa = XCConfigurationList;
			buildConfigurations = (
				CEF48C5C2CCC7A7500B0140A /* Debug */,
				CEF48C5D2CCC7A7500B0140A /* Release */,
			);
			defaultConfigurationIsVisible = 0;
			defaultConfigurationName = Release;
		};
		CEF48C5E2CCC7A7500B0140A /* Build configuration list for PBXNativeTarget "mblTests" */ = {
			isa = XCConfigurationList;
			buildConfigurations = (
				CEF48C5F2CCC7A7500B0140A /* Debug */,
				CEF48C602CCC7A7500B0140A /* Release */,
			);
			defaultConfigurationIsVisible = 0;
			defaultConfigurationName = Release;
		};
		CEF48C612CCC7A7500B0140A /* Build configuration list for PBXNativeTarget "mblUITests" */ = {
			isa = XCConfigurationList;
			buildConfigurations = (
				CEF48C622CCC7A7500B0140A /* Debug */,
				CEF48C632CCC7A7500B0140A /* Release */,
			);
			defaultConfigurationIsVisible = 0;
			defaultConfigurationName = Release;
		};
/* End XCConfigurationList section */

/* Begin XCRemoteSwiftPackageReference section */
		CEF48C712CCC891900B0140A /* XCRemoteSwiftPackageReference "SwiftSoup" */ = {
			isa = XCRemoteSwiftPackageReference;
			repositoryURL = "https://github.com/scinfu/SwiftSoup";
			requirement = {
				kind = upToNextMajorVersion;
				minimumVersion = 2.7.5;
			};
		};
/* End XCRemoteSwiftPackageReference section */

/* Begin XCSwiftPackageProductDependency section */
		CEC5E1892CCC8DEF00B3E9D9 /* SwiftSoup */ = {
			isa = XCSwiftPackageProductDependency;
			package = CEF48C712CCC891900B0140A /* XCRemoteSwiftPackageReference "SwiftSoup" */;
			productName = SwiftSoup;
		};
/* End XCSwiftPackageProductDependency section */
	};
	rootObject = CEF48C2F2CCC7A7400B0140A /* Project object */;
}
